// !$*UTF8*$!
{
	archiveVersion = 1;
	classes = {
	};
	objectVersion = 55;
	objects = {

/* Begin PBXBuildFile section */
		23C79F9427FA6ECB003578EC /* AppDelegate.swift in Sources */ = {isa = PBXBuildFile; fileRef = 23C79F9327FA6ECB003578EC /* AppDelegate.swift */; };
		23C79F9627FA6ECB003578EC /* GameScene.sks in Resources */ = {isa = PBXBuildFile; fileRef = 23C79F9527FA6ECB003578EC /* GameScene.sks */; };
		23C79F9827FA6ECB003578EC /* Actions.sks in Resources */ = {isa = PBXBuildFile; fileRef = 23C79F9727FA6ECB003578EC /* Actions.sks */; };
		23C79F9A27FA6ECB003578EC /* GameScene.swift in Sources */ = {isa = PBXBuildFile; fileRef = 23C79F9927FA6ECB003578EC /* GameScene.swift */; };
		23C79F9C27FA6ECB003578EC /* GameViewController.swift in Sources */ = {isa = PBXBuildFile; fileRef = 23C79F9B27FA6ECB003578EC /* GameViewController.swift */; };
		23C79F9F27FA6ECB003578EC /* Main.storyboard in Resources */ = {isa = PBXBuildFile; fileRef = 23C79F9D27FA6ECB003578EC /* Main.storyboard */; };
		23C79FA127FA6ECE003578EC /* Assets.xcassets in Resources */ = {isa = PBXBuildFile; fileRef = 23C79FA027FA6ECE003578EC /* Assets.xcassets */; };
		23C79FA427FA6ECE003578EC /* LaunchScreen.storyboard in Resources */ = {isa = PBXBuildFile; fileRef = 23C79FA227FA6ECE003578EC /* LaunchScreen.storyboard */; };
		8403B41A27FCD029000317F7 /* Player.swift in Sources */ = {isa = PBXBuildFile; fileRef = 8403B41927FCD029000317F7 /* Player.swift */; };
		8403B41C27FCD046000317F7 /* Ball.swift in Sources */ = {isa = PBXBuildFile; fileRef = 8403B41B27FCD046000317F7 /* Ball.swift */; };
		8403B41E27FD1679000317F7 /* Opponent.swift in Sources */ = {isa = PBXBuildFile; fileRef = 8403B41D27FD1679000317F7 /* Opponent.swift */; };
/* End PBXBuildFile section */

/* Begin PBXFileReference section */
		23C79F9027FA6ECB003578EC /* Cursed Pong.app */ = {isa = PBXFileReference; explicitFileType = wrapper.application; includeInIndex = 0; path = "Cursed Pong.app"; sourceTree = BUILT_PRODUCTS_DIR; };
		23C79F9327FA6ECB003578EC /* AppDelegate.swift */ = {isa = PBXFileReference; lastKnownFileType = sourcecode.swift; path = AppDelegate.swift; sourceTree = "<group>"; };
		23C79F9527FA6ECB003578EC /* GameScene.sks */ = {isa = PBXFileReference; lastKnownFileType = file.sks; path = GameScene.sks; sourceTree = "<group>"; };
		23C79F9727FA6ECB003578EC /* Actions.sks */ = {isa = PBXFileReference; lastKnownFileType = file.sks; path = Actions.sks; sourceTree = "<group>"; };
		23C79F9927FA6ECB003578EC /* GameScene.swift */ = {isa = PBXFileReference; lastKnownFileType = sourcecode.swift; path = GameScene.swift; sourceTree = "<group>"; };
		23C79F9B27FA6ECB003578EC /* GameViewController.swift */ = {isa = PBXFileReference; lastKnownFileType = sourcecode.swift; path = GameViewController.swift; sourceTree = "<group>"; };
		23C79F9E27FA6ECB003578EC /* Base */ = {isa = PBXFileReference; lastKnownFileType = file.storyboard; name = Base; path = Base.lproj/Main.storyboard; sourceTree = "<group>"; };
		23C79FA027FA6ECE003578EC /* Assets.xcassets */ = {isa = PBXFileReference; lastKnownFileType = folder.assetcatalog; path = Assets.xcassets; sourceTree = "<group>"; };
		23C79FA327FA6ECE003578EC /* Base */ = {isa = PBXFileReference; lastKnownFileType = file.storyboard; name = Base; path = Base.lproj/LaunchScreen.storyboard; sourceTree = "<group>"; };
		8403B41927FCD029000317F7 /* Player.swift */ = {isa = PBXFileReference; lastKnownFileType = sourcecode.swift; path = Player.swift; sourceTree = "<group>"; };
		8403B41B27FCD046000317F7 /* Ball.swift */ = {isa = PBXFileReference; lastKnownFileType = sourcecode.swift; path = Ball.swift; sourceTree = "<group>"; };
		8403B41D27FD1679000317F7 /* Opponent.swift */ = {isa = PBXFileReference; lastKnownFileType = sourcecode.swift; path = Opponent.swift; sourceTree = "<group>"; };
/* End PBXFileReference section */

/* Begin PBXFrameworksBuildPhase section */
		23C79F8D27FA6ECB003578EC /* Frameworks */ = {
			isa = PBXFrameworksBuildPhase;
			buildActionMask = 2147483647;
			files = (
			);
			runOnlyForDeploymentPostprocessing = 0;
		};
/* End PBXFrameworksBuildPhase section */

/* Begin PBXGroup section */
		23C79F8727FA6ECB003578EC = {
			isa = PBXGroup;
			children = (
				23C79F9227FA6ECB003578EC /* CursedPong */,
				23C79F9127FA6ECB003578EC /* Products */,
			);
			sourceTree = "<group>";
		};
		23C79F9127FA6ECB003578EC /* Products */ = {
			isa = PBXGroup;
			children = (
				23C79F9027FA6ECB003578EC /* Cursed Pong.app */,
			);
			name = Products;
			sourceTree = "<group>";
		};
		23C79F9227FA6ECB003578EC /* CursedPong */ = {
			isa = PBXGroup;
			children = (
				8403B41927FCD029000317F7 /* Player.swift */,
				8403B41D27FD1679000317F7 /* Opponent.swift */,
				8403B41B27FCD046000317F7 /* Ball.swift */,
				23C79F9327FA6ECB003578EC /* AppDelegate.swift */,
				23C79F9527FA6ECB003578EC /* GameScene.sks */,
				23C79F9727FA6ECB003578EC /* Actions.sks */,
				23C79F9927FA6ECB003578EC /* GameScene.swift */,
				23C79F9B27FA6ECB003578EC /* GameViewController.swift */,
				23C79F9D27FA6ECB003578EC /* Main.storyboard */,
				23C79FA027FA6ECE003578EC /* Assets.xcassets */,
				23C79FA227FA6ECE003578EC /* LaunchScreen.storyboard */,
			);
			path = CursedPong;
			sourceTree = "<group>";
		};
/* End PBXGroup section */

/* Begin PBXNativeTarget section */
		23C79F8F27FA6ECB003578EC /* CursedPong */ = {
			isa = PBXNativeTarget;
			buildConfigurationList = 23C79FA727FA6ECE003578EC /* Build configuration list for PBXNativeTarget "CursedPong" */;
			buildPhases = (
				23C79F8C27FA6ECB003578EC /* Sources */,
				23C79F8D27FA6ECB003578EC /* Frameworks */,
				23C79F8E27FA6ECB003578EC /* Resources */,
			);
			buildRules = (
			);
			dependencies = (
			);
			name = CursedPong;
			productName = Pong;
			productReference = 23C79F9027FA6ECB003578EC /* Cursed Pong.app */;
			productType = "com.apple.product-type.application";
		};
/* End PBXNativeTarget section */

/* Begin PBXProject section */
		23C79F8827FA6ECB003578EC /* Project object */ = {
			isa = PBXProject;
			attributes = {
				BuildIndependentTargetsInParallel = 1;
				LastSwiftUpdateCheck = 1330;
				LastUpgradeCheck = 1330;
				TargetAttributes = {
					23C79F8F27FA6ECB003578EC = {
						CreatedOnToolsVersion = 13.3;
					};
				};
			};
			buildConfigurationList = 23C79F8B27FA6ECB003578EC /* Build configuration list for PBXProject "CursedPong" */;
			compatibilityVersion = "Xcode 13.0";
			developmentRegion = en;
			hasScannedForEncodings = 0;
			knownRegions = (
				en,
				Base,
			);
			mainGroup = 23C79F8727FA6ECB003578EC;
			productRefGroup = 23C79F9127FA6ECB003578EC /* Products */;
			projectDirPath = "";
			projectRoot = "";
			targets = (
				23C79F8F27FA6ECB003578EC /* CursedPong */,
			);
		};
/* End PBXProject section */

/* Begin PBXResourcesBuildPhase section */
		23C79F8E27FA6ECB003578EC /* Resources */ = {
			isa = PBXResourcesBuildPhase;
			buildActionMask = 2147483647;
			files = (
				23C79F9F27FA6ECB003578EC /* Main.storyboard in Resources */,
				23C79F9627FA6ECB003578EC /* GameScene.sks in Resources */,
				23C79FA127FA6ECE003578EC /* Assets.xcassets in Resources */,
				23C79FA427FA6ECE003578EC /* LaunchScreen.storyboard in Resources */,
				23C79F9827FA6ECB003578EC /* Actions.sks in Resources */,
			);
			runOnlyForDeploymentPostprocessing = 0;
		};
/* End PBXResourcesBuildPhase section */

/* Begin PBXSourcesBuildPhase section */
		23C79F8C27FA6ECB003578EC /* Sources */ = {
			isa = PBXSourcesBuildPhase;
			buildActionMask = 2147483647;
			files = (
				8403B41A27FCD029000317F7 /* Player.swift in Sources */,
				23C79F9A27FA6ECB003578EC /* GameScene.swift in Sources */,
				8403B41E27FD1679000317F7 /* Opponent.swift in Sources */,
				8403B41C27FCD046000317F7 /* Ball.swift in Sources */,
				23C79F9C27FA6ECB003578EC /* GameViewController.swift in Sources */,
				23C79F9427FA6ECB003578EC /* AppDelegate.swift in Sources */,
			);
			runOnlyForDeploymentPostprocessing = 0;
		};
/* End PBXSourcesBuildPhase section */

/* Begin PBXVariantGroup section */
		23C79F9D27FA6ECB003578EC /* Main.storyboard */ = {
			isa = PBXVariantGroup;
			children = (
				23C79F9E27FA6ECB003578EC /* Base */,
			);
			name = Main.storyboard;
			sourceTree = "<group>";
		};
		23C79FA227FA6ECE003578EC /* LaunchScreen.storyboard */ = {
			isa = PBXVariantGroup;
			children = (
				23C79FA327FA6ECE003578EC /* Base */,
			);
			name = LaunchScreen.storyboard;
			sourceTree = "<group>";
		};
/* End PBXVariantGroup section */

/* Begin XCBuildConfiguration section */
		23C79FA527FA6ECE003578EC /* Debug */ = {
			isa = XCBuildConfiguration;
			buildSettings = {
				ALWAYS_SEARCH_USER_PATHS = NO;
				CLANG_ANALYZER_NONNULL = YES;
				CLANG_ANALYZER_NUMBER_OBJECT_CONVERSION = YES_AGGRESSIVE;
				CLANG_CXX_LANGUAGE_STANDARD = "gnu++17";
				CLANG_ENABLE_MODULES = YES;
				CLANG_ENABLE_OBJC_ARC = YES;
				CLANG_ENABLE_OBJC_WEAK = YES;
				CLANG_WARN_BLOCK_CAPTURE_AUTORELEASING = YES;
				CLANG_WARN_BOOL_CONVERSION = YES;
				CLANG_WARN_COMMA = YES;
				CLANG_WARN_CONSTANT_CONVERSION = YES;
				CLANG_WARN_DEPRECATED_OBJC_IMPLEMENTATIONS = YES;
				CLANG_WARN_DIRECT_OBJC_ISA_USAGE = YES_ERROR;
				CLANG_WARN_DOCUMENTATION_COMMENTS = YES;
				CLANG_WARN_EMPTY_BODY = YES;
				CLANG_WARN_ENUM_CONVERSION = YES;
				CLANG_WARN_INFINITE_RECURSION = YES;
				CLANG_WARN_INT_CONVERSION = YES;
				CLANG_WARN_NON_LITERAL_NULL_CONVERSION = YES;
				CLANG_WARN_OBJC_IMPLICIT_RETAIN_SELF = YES;
				CLANG_WARN_OBJC_LITERAL_CONVERSION = YES;
				CLANG_WARN_OBJC_ROOT_CLASS = YES_ERROR;
				CLANG_WARN_QUOTED_INCLUDE_IN_FRAMEWORK_HEADER = YES;
				CLANG_WARN_RANGE_LOOP_ANALYSIS = YES;
				CLANG_WARN_STRICT_PROTOTYPES = YES;
				CLANG_WARN_SUSPICIOUS_MOVE = YES;
				CLANG_WARN_UNGUARDED_AVAILABILITY = YES_AGGRESSIVE;
				CLANG_WARN_UNREACHABLE_CODE = YES;
				CLANG_WARN__DUPLICATE_METHOD_MATCH = YES;
				COPY_PHASE_STRIP = NO;
				DEBUG_INFORMATION_FORMAT = dwarf;
				ENABLE_STRICT_OBJC_MSGSEND = YES;
				ENABLE_TESTABILITY = YES;
				GCC_C_LANGUAGE_STANDARD = gnu11;
				GCC_DYNAMIC_NO_PIC = NO;
				GCC_NO_COMMON_BLOCKS = YES;
				GCC_OPTIMIZATION_LEVEL = 0;
				GCC_PREPROCESSOR_DEFINITIONS = (
					"DEBUG=1",
					"$(inherited)",
				);
				GCC_WARN_64_TO_32_BIT_CONVERSION = YES;
				GCC_WARN_ABOUT_RETURN_TYPE = YES_ERROR;
				GCC_WARN_UNDECLARED_SELECTOR = YES;
				GCC_WARN_UNINITIALIZED_AUTOS = YES_AGGRESSIVE;
				GCC_WARN_UNUSED_FUNCTION = YES;
				GCC_WARN_UNUSED_VARIABLE = YES;
				IPHONEOS_DEPLOYMENT_TARGET = 15.0;
				MTL_ENABLE_DEBUG_INFO = INCLUDE_SOURCE;
				MTL_FAST_MATH = YES;
				ONLY_ACTIVE_ARCH = YES;
				SDKROOT = iphoneos;
				SWIFT_ACTIVE_COMPILATION_CONDITIONS = DEBUG;
				SWIFT_OPTIMIZATION_LEVEL = "-Onone";
			};
			name = Debug;
		};
		23C79FA627FA6ECE003578EC /* Release */ = {
			isa = XCBuildConfiguration;
			buildSettings = {
				ALWAYS_SEARCH_USER_PATHS = NO;
				CLANG_ANALYZER_NONNULL = YES;
				CLANG_ANALYZER_NUMBER_OBJECT_CONVERSION = YES_AGGRESSIVE;
				CLANG_CXX_LANGUAGE_STANDARD = "gnu++17";
				CLANG_ENABLE_MODULES = YES;
				CLANG_ENABLE_OBJC_ARC = YES;
				CLANG_ENABLE_OBJC_WEAK = YES;
				CLANG_WARN_BLOCK_CAPTURE_AUTORELEASING = YES;
				CLANG_WARN_BOOL_CONVERSION = YES;
				CLANG_WARN_COMMA = YES;
				CLANG_WARN_CONSTANT_CONVERSION = YES;
				CLANG_WARN_DEPRECATED_OBJC_IMPLEMENTATIONS = YES;
				CLANG_WARN_DIRECT_OBJC_ISA_USAGE = YES_ERROR;
				CLANG_WARN_DOCUMENTATION_COMMENTS = YES;
				CLANG_WARN_EMPTY_BODY = YES;
				CLANG_WARN_ENUM_CONVERSION = YES;
				CLANG_WARN_INFINITE_RECURSION = YES;
				CLANG_WARN_INT_CONVERSION = YES;
				CLANG_WARN_NON_LITERAL_NULL_CONVERSION = YES;
				CLANG_WARN_OBJC_IMPLICIT_RETAIN_SELF = YES;
				CLANG_WARN_OBJC_LITERAL_CONVERSION = YES;
				CLANG_WARN_OBJC_ROOT_CLASS = YES_ERROR;
				CLANG_WARN_QUOTED_INCLUDE_IN_FRAMEWORK_HEADER = YES;
				CLANG_WARN_RANGE_LOOP_ANALYSIS = YES;
				CLANG_WARN_STRICT_PROTOTYPES = YES;
				CLANG_WARN_SUSPICIOUS_MOVE = YES;
				CLANG_WARN_UNGUARDED_AVAILABILITY = YES_AGGRESSIVE;
				CLANG_WARN_UNREACHABLE_CODE = YES;
				CLANG_WARN__DUPLICATE_METHOD_MATCH = YES;
				COPY_PHASE_STRIP = NO;
				DEBUG_INFORMATION_FORMAT = "dwarf-with-dsym";
				ENABLE_NS_ASSERTIONS = NO;
				ENABLE_STRICT_OBJC_MSGSEND = YES;
				GCC_C_LANGUAGE_STANDARD = gnu11;
				GCC_NO_COMMON_BLOCKS = YES;
				GCC_WARN_64_TO_32_BIT_CONVERSION = YES;
				GCC_WARN_ABOUT_RETURN_TYPE = YES_ERROR;
				GCC_WARN_UNDECLARED_SELECTOR = YES;
				GCC_WARN_UNINITIALIZED_AUTOS = YES_AGGRESSIVE;
				GCC_WARN_UNUSED_FUNCTION = YES;
				GCC_WARN_UNUSED_VARIABLE = YES;
				IPHONEOS_DEPLOYMENT_TARGET = 15.0;
				MTL_ENABLE_DEBUG_INFO = NO;
				MTL_FAST_MATH = YES;
				SDKROOT = iphoneos;
				SWIFT_COMPILATION_MODE = wholemodule;
				SWIFT_OPTIMIZATION_LEVEL = "-O";
				VALIDATE_PRODUCT = YES;
			};
			name = Release;
		};
		23C79FA827FA6ECE003578EC /* Debug */ = {
			isa = XCBuildConfiguration;
			buildSettings = {
				ASSETCATALOG_COMPILER_APPICON_NAME = AppIcon;
				ASSETCATALOG_COMPILER_GLOBAL_ACCENT_COLOR_NAME = AccentColor;
				CODE_SIGN_STYLE = Automatic;
				CURRENT_PROJECT_VERSION = 1;
				DEVELOPMENT_TEAM = NU6G4DTBPX;
				GENERATE_INFOPLIST_FILE = YES;
				INFOPLIST_KEY_UIApplicationSupportsIndirectInputEvents = YES;
				INFOPLIST_KEY_UILaunchStoryboardName = LaunchScreen;
				INFOPLIST_KEY_UIMainStoryboardFile = Main;
				INFOPLIST_KEY_UIStatusBarHidden = YES;
				INFOPLIST_KEY_UISupportedInterfaceOrientations_iPad = "UIInterfaceOrientationPortrait UIInterfaceOrientationPortraitUpsideDown UIInterfaceOrientationLandscapeLeft UIInterfaceOrientationLandscapeRight";
				INFOPLIST_KEY_UISupportedInterfaceOrientations_iPhone = "UIInterfaceOrientationPortrait UIInterfaceOrientationLandscapeLeft UIInterfaceOrientationLandscapeRight";
				LD_RUNPATH_SEARCH_PATHS = (
					"$(inherited)",
					"@executable_path/Frameworks",
				);
				MARKETING_VERSION = 1.0;
				PRODUCT_BUNDLE_IDENTIFIER = nichollh..;
				PRODUCT_NAME = "Cursed Pong";
				SWIFT_EMIT_LOC_STRINGS = YES;
				SWIFT_VERSION = 5.0;
				TARGETED_DEVICE_FAMILY = "1,2";
			};
			name = Debug;
		};
		23C79FA927FA6ECE003578EC /* Release */ = {
			isa = XCBuildConfiguration;
			buildSettings = {
				ASSETCATALOG_COMPILER_APPICON_NAME = AppIcon;
				ASSETCATALOG_COMPILER_GLOBAL_ACCENT_COLOR_NAME = AccentColor;
				CODE_SIGN_STYLE = Automatic;
				CURRENT_PROJECT_VERSION = 1;
				DEVELOPMENT_TEAM = NU6G4DTBPX;
				GENERATE_INFOPLIST_FILE = YES;
				INFOPLIST_KEY_UIApplicationSupportsIndirectInputEvents = YES;
				INFOPLIST_KEY_UILaunchStoryboardName = LaunchScreen;
				INFOPLIST_KEY_UIMainStoryboardFile = Main;
				INFOPLIST_KEY_UIStatusBarHidden = YES;
				INFOPLIST_KEY_UISupportedInterfaceOrientations_iPad = "UIInterfaceOrientationPortrait UIInterfaceOrientationPortraitUpsideDown UIInterfaceOrientationLandscapeLeft UIInterfaceOrientationLandscapeRight";
				INFOPLIST_KEY_UISupportedInterfaceOrientations_iPhone = "UIInterfaceOrientationPortrait UIInterfaceOrientationLandscapeLeft UIInterfaceOrientationLandscapeRight";
				LD_RUNPATH_SEARCH_PATHS = (
					"$(inherited)",
					"@executable_path/Frameworks",
				);
				MARKETING_VERSION = 1.0;
				PRODUCT_BUNDLE_IDENTIFIER = nichollh..;
				PRODUCT_NAME = "Cursed Pong";
				SWIFT_EMIT_LOC_STRINGS = YES;
				SWIFT_VERSION = 5.0;
				TARGETED_DEVICE_FAMILY = "1,2";
			};
			name = Release;
		};
/* End XCBuildConfiguration section */

/* Begin XCConfigurationList section */
		23C79F8B27FA6ECB003578EC /* Build configuration list for PBXProject "CursedPong" */ = {
			isa = XCConfigurationList;
			buildConfigurations = (
				23C79FA527FA6ECE003578EC /* Debug */,
				23C79FA627FA6ECE003578EC /* Release */,
			);
			defaultConfigurationIsVisible = 0;
			defaultConfigurationName = Release;
		};
		23C79FA727FA6ECE003578EC /* Build configuration list for PBXNativeTarget "CursedPong" */ = {
			isa = XCConfigurationList;
			buildConfigurations = (
				23C79FA827FA6ECE003578EC /* Debug */,
				23C79FA927FA6ECE003578EC /* Release */,
			);
			defaultConfigurationIsVisible = 0;
			defaultConfigurationName = Release;
		};
/* End XCConfigurationList section */
	};
	rootObject = 23C79F8827FA6ECB003578EC /* Project object */;
}
